version = 1
revision = 2
requires-python = ">=3.13"

[[package]]
name = "colorama"
version = "0.4.6"
source = { registry = "https://pypi.org/simple" }
sdist = { url = "https://files.pythonhosted.org/packages/d8/53/6f443c9a4a8358a93a6792e2acffb9d9d5cb0a5cfd8802644b7b1c9a02e4/colorama-0.4.6.tar.gz", hash = "sha256:08695f5cb7ed6e0531a20572697297273c47b8cae5a63ffc6d6ed5c201be6e44", size = 27697, upload-time = "2022-10-25T02:36:22.414Z" }
wheels = [
    { url = "https://files.pythonhosted.org/packages/d1/d6/3965ed04c63042e047cb6a3e6ed1a63a35087b6a609aa3a15ed8ac56c221/colorama-0.4.6-py2.py3-none-any.whl", hash = "sha256:4f1d9991f5acc0ca119f9d443620b77f9d6b33703e51011c16baf57afb285fc6", size = 25335, upload-time = "2022-10-25T02:36:20.889Z" },
]

[[package]]
name = "example"
version = "0.1.0"
source = { virtual = "." }
dependencies = [
    { name = "frida" },
    { name = "frida-tools" },
]

[package.metadata]
requires-dist = [
    { name = "frida", specifier = "==16.7.19" },
    { name = "frida-tools", specifier = ">=13.7.1" },
]

[[package]]
name = "frida"
version = "16.7.19"
source = { registry = "https://pypi.org/simple" }
sdist = { url = "https://files.pythonhosted.org/packages/24/e4/c529f0b45df21ed605068ac9ec2005c40b8462731a4e89f8fef85b369742/frida-16.7.19.tar.gz", hash = "sha256:3f266fd01b61f4c0c7079435f8e44d0789abca36c326b97925df98d61eb3dc9c", size = 920396, upload-time = "2025-05-14T14:05:39.647Z" }
wheels = [
    { url = "https://files.pythonhosted.org/packages/b9/fe/2b97092d4fca8efe6a41d551640de9be29c1ff72f5a2d62c41d7767787e7/frida-16.7.19-cp37-abi3-macosx_10_13_x86_64.whl", hash = "sha256:434c4f668240b828a1a09f2849b336d1185ab1d898f59a4dc41f3a7fd4a54650", size = 16972320, upload-time = "2025-05-14T14:05:11.445Z" },
    { url = "https://files.pythonhosted.org/packages/67/e6/f825b9455f5862af3d6a76da1658c481f7ac8eedc8a5b38e0169ac00e579/frida-16.7.19-cp37-abi3-macosx_11_0_arm64.whl", hash = "sha256:17637bbe519d653a36f89d90d6eab5ad3f18c06302c8f5a3534df6ee9d8ea542", size = 31034239, upload-time = "2025-05-14T14:05:14.501Z" },
    { url = "https://files.pythonhosted.org/packages/70/92/d1d23a900e0e189e470b7899da2cce7b6146fe7c72b07233337609789c40/frida-16.7.19-cp37-abi3-manylinux1_i686.whl", hash = "sha256:855376dc401560c03a362994a6979ecee1a4803322456b1256827437ad7d50b3", size = 13989346, upload-time = "2025-05-14T14:05:16.889Z" },
    { url = "https://files.pythonhosted.org/packages/14/5b/acf7ae2fad3389b860b31ccfcbbf8be27ba364995b25e5be85990d0df4c7/frida-16.7.19-cp37-abi3-manylinux1_x86_64.whl", hash = "sha256:fe2c8231b69e22d3dc9e8b615d45dcc1f39e463acdbb4314cb57469b66c0c2d9", size = 30320112, upload-time = "2025-05-14T14:05:18.911Z" },
    { url = "https://files.pythonhosted.org/packages/ff/af/5d974433326b2a3dd3240973a04c98f3a897c49c166dfb298e3d00cd9678/frida-16.7.19-cp37-abi3-manylinux2014_aarch64.whl", hash = "sha256:cff82e459b3c4edc6af4336280b2b1d52774387a9d6f614d9e4ed5eb66e21a67", size = 15476964, upload-time = "2025-05-14T14:05:21.309Z" },
    { url = "https://files.pythonhosted.org/packages/f4/20/905dcf85185d1f0988e9973a94f92fe61f3b17a7e4b4f34c69bd5f89b6db/frida-16.7.19-cp37-abi3-manylinux2014_armv7l.whl", hash = "sha256:6cf27933e1130007c7ae68edd8fdb0e43c39b84e263c8e693ee4d3dd3d6955fb", size = 13387019, upload-time = "2025-05-14T14:05:23.423Z" },
    { url = "https://files.pythonhosted.org/packages/7c/d9/66866ceabf4d1f8bffed60c99ea2c0e69ef0f1d46c99506f0522c4536bfe/frida-16.7.19-cp37-abi3-manylinux_2_17_aarch64.whl", hash = "sha256:4f51a06776aa27b22219d7d0bdc6b620c5466e17dc2ada2e57b9e8e283467a33", size = 15476968, upload-time = "2025-05-14T14:05:25.509Z" },
    { url = "https://files.pythonhosted.org/packages/c7/61/f4d57874ea4c0ef3024cc902dd6f0047cf8937b907a53fbf1dfc82a4a19c/frida-16.7.19-cp37-abi3-manylinux_2_17_armv7l.whl", hash = "sha256:5e6a2ed8080c955131bb0ce907570de6e374fce8b62c70f631580bcb0b4f3e6e", size = 13387019, upload-time = "2025-05-14T14:05:27.869Z" },
    { url = "https://files.pythonhosted.org/packages/ac/b0/7a4a1b0320e72842b0cdbc6499430212a64856562d0d5c7bc8f4b48f674e/frida-16.7.19-cp37-abi3-manylinux_2_5_i686.whl", hash = "sha256:4cdd059327d4f5a97ce6fd079b6d002e0db8cd81e461d106bd6d26bf7d893aa9", size = 13989347, upload-time = "2025-05-14T14:05:29.909Z" },
    { url = "https://files.pythonhosted.org/packages/64/d4/8ef00a5a3924ca892ac9836357a57403e744560546d7a9aacc7e9d21540d/frida-16.7.19-cp37-abi3-manylinux_2_5_x86_64.whl", hash = "sha256:de43de5922b01ba8a438ab8abdc4d26d4e933244f592ea646acc18663c7213f4", size = 30320113, upload-time = "2025-05-14T14:05:32.109Z" },
    { url = "https://files.pythonhosted.org/packages/50/fa/ae714a795dea703d847790a64b217edf983c734bb8318d316ae0fcb7502d/frida-16.7.19-cp37-abi3-win32.whl", hash = "sha256:66dadafbfbb84be61720cbb42b91185b27813ddf68105e1ed05ee138f1b46f4a", size = 19082900, upload-time = "2025-05-14T14:05:34.744Z" },
    { url = "https://files.pythonhosted.org/packages/71/6d/aaa8ed547ffe79328e6f35dd1012a938b9b37e7be9985a84cf17518b1c32/frida-16.7.19-cp37-abi3-win_amd64.whl", hash = "sha256:9b2e2c7754b97035784a879723ae2f42f1f63c0fed51924c40c021252ec9ac75", size = 33813390, upload-time = "2025-05-14T14:05:37.159Z" },
]

[[package]]
name = "frida-tools"
version = "13.7.1"
source = { registry = "https://pypi.org/simple" }
dependencies = [
    { name = "colorama" },
    { name = "frida" },
    { name = "prompt-toolkit" },
    { name = "pygments" },
    { name = "websockets" },
]
sdist = { url = "https://files.pythonhosted.org/packages/f6/1d/336b78cdc37b14e90fb8f8a61ce6e35d5b2aa6b76e74df5597ff791a1237/frida-tools-13.7.1.tar.gz", hash = "sha256:7341aad5ea7be5602f4c6223e1cef14b2d0d8c218ae70ad13d8cde6321470e05", size = 4607274, upload-time = "2025-04-10T05:08:32.007Z" }

[[package]]
name = "prompt-toolkit"
version = "3.0.51"
source = { registry = "https://pypi.org/simple" }
dependencies = [
    { name = "wcwidth" },
]
sdist = { url = "https://files.pythonhosted.org/packages/bb/6e/9d084c929dfe9e3bfe0c6a47e31f78a25c54627d64a66e884a8bf5474f1c/prompt_toolkit-3.0.51.tar.gz", hash = "sha256:931a162e3b27fc90c86f1b48bb1fb2c528c2761475e57c9c06de13311c7b54ed", size = 428940, upload-time = "2025-04-15T09:18:47.731Z" }
wheels = [
    { url = "https://files.pythonhosted.org/packages/ce/4f/5249960887b1fbe561d9ff265496d170b55a735b76724f10ef19f9e40716/prompt_toolkit-3.0.51-py3-none-any.whl", hash = "sha256:52742911fde84e2d423e2f9a4cf1de7d7ac4e51958f648d9540e0fb8db077b07", size = 387810, upload-time = "2025-04-15T09:18:44.753Z" },
]

[[package]]
name = "pygments"
version = "2.19.1"
source = { registry = "https://pypi.org/simple" }
sdist = { url = "https://files.pythonhosted.org/packages/7c/2d/c3338d48ea6cc0feb8446d8e6937e1408088a72a39937982cc6111d17f84/pygments-2.19.1.tar.gz", hash = "sha256:61c16d2a8576dc0649d9f39e089b5f02bcd27fba10d8fb4dcc28173f7a45151f", size = 4968581, upload-time = "2025-01-06T17:26:30.443Z" }
wheels = [
    { url = "https://files.pythonhosted.org/packages/8a/0b/9fcc47d19c48b59121088dd6da2488a49d5f72dacf8262e2790a1d2c7d15/pygments-2.19.1-py3-none-any.whl", hash = "sha256:9ea1544ad55cecf4b8242fab6dd35a93bbce657034b0611ee383099054ab6d8c", size = 1225293, upload-time = "2025-01-06T17:26:25.553Z" },
]

[[package]]
name = "wcwidth"
version = "0.2.13"
source = { registry = "https://pypi.org/simple" }
sdist = { url = "https://files.pythonhosted.org/packages/6c/63/53559446a878410fc5a5974feb13d31d78d752eb18aeba59c7fef1af7598/wcwidth-0.2.13.tar.gz", hash = "sha256:72ea0c06399eb286d978fdedb6923a9eb47e1c486ce63e9b4e64fc18303972b5", size = 101301, upload-time = "2024-01-06T02:10:57.829Z" }
wheels = [
    { url = "https://files.pythonhosted.org/packages/fd/84/fd2ba7aafacbad3c4201d395674fc6348826569da3c0937e75505ead3528/wcwidth-0.2.13-py2.py3-none-any.whl", hash = "sha256:3da69048e4540d84af32131829ff948f1e022c1c6bdb8d6102117aac784f6859", size = 34166, upload-time = "2024-01-06T02:10:55.763Z" },
]

[[package]]
name = "websockets"
version = "13.1"
source = { registry = "https://pypi.org/simple" }
sdist = { url = "https://files.pythonhosted.org/packages/e2/73/9223dbc7be3dcaf2a7bbf756c351ec8da04b1fa573edaf545b95f6b0c7fd/websockets-13.1.tar.gz", hash = "sha256:a3b3366087c1bc0a2795111edcadddb8b3b59509d5db5d7ea3fdd69f954a8878", size = 158549, upload-time = "2024-09-21T17:34:21.54Z" }
wheels = [
    { url = "https://files.pythonhosted.org/packages/51/20/2b99ca918e1cbd33c53db2cace5f0c0cd8296fc77558e1908799c712e1cd/websockets-13.1-cp313-cp313-macosx_10_13_universal2.whl", hash = "sha256:a9ab1e71d3d2e54a0aa646ab6d4eebfaa5f416fe78dfe4da2839525dc5d765c6", size = 157828, upload-time = "2024-09-21T17:33:10.987Z" },
    { url = "https://files.pythonhosted.org/packages/b8/47/0932a71d3d9c0e9483174f60713c84cee58d62839a143f21a2bcdbd2d205/websockets-13.1-cp313-cp313-macosx_10_13_x86_64.whl", hash = "sha256:b9d7439d7fab4dce00570bb906875734df13d9faa4b48e261c440a5fec6d9708", size = 155487, upload-time = "2024-09-21T17:33:12.153Z" },
    { url = "https://files.pythonhosted.org/packages/a9/60/f1711eb59ac7a6c5e98e5637fef5302f45b6f76a2c9d64fd83bbb341377a/websockets-13.1-cp313-cp313-macosx_11_0_arm64.whl", hash = "sha256:327b74e915cf13c5931334c61e1a41040e365d380f812513a255aa804b183418", size = 155721, upload-time = "2024-09-21T17:33:13.909Z" },
    { url = "https://files.pythonhosted.org/packages/6a/e6/ba9a8db7f9d9b0e5f829cf626ff32677f39824968317223605a6b419d445/websockets-13.1-cp313-cp313-manylinux_2_17_aarch64.manylinux2014_aarch64.whl", hash = "sha256:325b1ccdbf5e5725fdcb1b0e9ad4d2545056479d0eee392c291c1bf76206435a", size = 165609, upload-time = "2024-09-21T17:33:14.967Z" },
    { url = "https://files.pythonhosted.org/packages/c1/22/4ec80f1b9c27a0aebd84ccd857252eda8418ab9681eb571b37ca4c5e1305/websockets-13.1-cp313-cp313-manylinux_2_5_i686.manylinux1_i686.manylinux_2_17_i686.manylinux2014_i686.whl", hash = "sha256:346bee67a65f189e0e33f520f253d5147ab76ae42493804319b5716e46dddf0f", size = 164556, upload-time = "2024-09-21T17:33:17.113Z" },
    { url = "https://files.pythonhosted.org/packages/27/ac/35f423cb6bb15600438db80755609d27eda36d4c0b3c9d745ea12766c45e/websockets-13.1-cp313-cp313-manylinux_2_5_x86_64.manylinux1_x86_64.manylinux_2_17_x86_64.manylinux2014_x86_64.whl", hash = "sha256:91a0fa841646320ec0d3accdff5b757b06e2e5c86ba32af2e0815c96c7a603c5", size = 164993, upload-time = "2024-09-21T17:33:18.168Z" },
    { url = "https://files.pythonhosted.org/packages/31/4e/98db4fd267f8be9e52e86b6ee4e9aa7c42b83452ea0ea0672f176224b977/websockets-13.1-cp313-cp313-musllinux_1_2_aarch64.whl", hash = "sha256:18503d2c5f3943e93819238bf20df71982d193f73dcecd26c94514f417f6b135", size = 165360, upload-time = "2024-09-21T17:33:19.233Z" },
    { url = "https://files.pythonhosted.org/packages/3f/15/3f0de7cda70ffc94b7e7024544072bc5b26e2c1eb36545291abb755d8cdb/websockets-13.1-cp313-cp313-musllinux_1_2_i686.whl", hash = "sha256:a9cd1af7e18e5221d2878378fbc287a14cd527fdd5939ed56a18df8a31136bb2", size = 164745, upload-time = "2024-09-21T17:33:20.361Z" },
    { url = "https://files.pythonhosted.org/packages/a1/6e/66b6b756aebbd680b934c8bdbb6dcb9ce45aad72cde5f8a7208dbb00dd36/websockets-13.1-cp313-cp313-musllinux_1_2_x86_64.whl", hash = "sha256:70c5be9f416aa72aab7a2a76c90ae0a4fe2755c1816c153c1a2bcc3333ce4ce6", size = 164732, upload-time = "2024-09-21T17:33:23.103Z" },
    { url = "https://files.pythonhosted.org/packages/35/c6/12e3aab52c11aeb289e3dbbc05929e7a9d90d7a9173958477d3ef4f8ce2d/websockets-13.1-cp313-cp313-win32.whl", hash = "sha256:624459daabeb310d3815b276c1adef475b3e6804abaf2d9d2c061c319f7f187d", size = 158709, upload-time = "2024-09-21T17:33:24.196Z" },
    { url = "https://files.pythonhosted.org/packages/41/d8/63d6194aae711d7263df4498200c690a9c39fb437ede10f3e157a6343e0d/websockets-13.1-cp313-cp313-win_amd64.whl", hash = "sha256:c518e84bb59c2baae725accd355c8dc517b4a3ed8db88b4bc93c78dae2974bf2", size = 159144, upload-time = "2024-09-21T17:33:25.96Z" },
    { url = "https://files.pythonhosted.org/packages/56/27/96a5cd2626d11c8280656c6c71d8ab50fe006490ef9971ccd154e0c42cd2/websockets-13.1-py3-none-any.whl", hash = "sha256:a9a396a6ad26130cdae92ae10c36af09d9bfe6cafe69670fd3b6da9b07b4044f", size = 152134, upload-time = "2024-09-21T17:34:19.904Z" },
]
