version = 1
revision = 2
requires-python = ">=3.13"

[[package]]
name = "colorama"
version = "0.4.6"
source = { registry = "https://pypi.org/simple" }
sdist = { url = "https://files.pythonhosted.org/packages/d8/53/6f443c9a4a8358a93a6792e2acffb9d9d5cb0a5cfd8802644b7b1c9a02e4/colorama-0.4.6.tar.gz", hash = "sha256:08695f5cb7ed6e0531a20572697297273c47b8cae5a63ffc6d6ed5c201be6e44", size = 27697, upload-time = "2022-10-25T02:36:22.414Z" }
wheels = [
    { url = "https://files.pythonhosted.org/packages/d1/d6/3965ed04c63042e047cb6a3e6ed1a63a35087b6a609aa3a15ed8ac56c221/colorama-0.4.6-py2.py3-none-any.whl", hash = "sha256:4f1d9991f5acc0ca119f9d443620b77f9d6b33703e51011c16baf57afb285fc6", size = 25335, upload-time = "2022-10-25T02:36:20.889Z" },
]

[[package]]
name = "example"
version = "0.1.0"
source = { virtual = "." }
dependencies = [
    { name = "frida" },
    { name = "frida-tools" },
]

[package.metadata]
requires-dist = [
    { name = "frida", specifier = ">=17.1.3" },
    { name = "frida-tools", specifier = ">=14.1.1" },
]

[[package]]
name = "frida"
version = "17.1.3"
source = { registry = "https://pypi.org/simple" }
sdist = { url = "https://files.pythonhosted.org/packages/2d/a7/dfdb7e1e54fd60c36fc62d3fd9fe5eace820faa88220f6380f350f5b5c8f/frida-17.1.3.tar.gz", hash = "sha256:ede60695e8bb5b9a3468f68c85b7b2223d99b4e56b27b5dec2c3fc73e70b043c", size = 921557, upload-time = "2025-06-07T12:01:14.781Z" }
wheels = [
    { url = "https://files.pythonhosted.org/packages/0a/6a/a24f962c3f16848a0087d8a0d64c3507ebbeed1000c88d1c6a73980aef21/frida-17.1.3-cp37-abi3-macosx_10_13_x86_64.whl", hash = "sha256:c69b1860080dabc3ddfb9ad835ccebf5842c4dcef1a7e2923feef9b60ff2ce7f", size = 22828361, upload-time = "2025-06-07T12:00:35.993Z" },
    { url = "https://files.pythonhosted.org/packages/4f/b4/2576ce1d0b3f6a056a4bf0a5d6fb7d3b910be924d465ae97f377c3b3102c/frida-17.1.3-cp37-abi3-macosx_11_0_arm64.whl", hash = "sha256:09db44cbac99fae46747b6ba073999bef9f9476d2e506c849776713c9e91697a", size = 32052048, upload-time = "2025-06-07T12:00:40.082Z" },
    { url = "https://files.pythonhosted.org/packages/a7/ef/7ed7c0e865e52c9bdca3d314782d7361a43329ac32b68d0387295046cc35/frida-17.1.3-cp37-abi3-manylinux1_i686.whl", hash = "sha256:908a85f28e11cb6fe5ae1ff7f1f29adb661e69afe123183a17db46e48809cfd3", size = 20150707, upload-time = "2025-06-07T12:00:42.383Z" },
    { url = "https://files.pythonhosted.org/packages/ee/68/2b4f985c220b240c2367e018ac0173ce5afc839c8b15cb6bc8630311f985/frida-17.1.3-cp37-abi3-manylinux1_x86_64.whl", hash = "sha256:2ffd0d9870a5bb075b11f1ee3d9ea950448b35d684ee0296d9b63ae2dd39b9e1", size = 32119150, upload-time = "2025-06-07T12:00:45.13Z" },
    { url = "https://files.pythonhosted.org/packages/94/a8/8735abf25bf56cda13449fe316f301859ee22a7c6fbe56cfd02d7ca42eda/frida-17.1.3-cp37-abi3-manylinux2014_aarch64.whl", hash = "sha256:a50892ac015dfbb09d9c783f122c06ac6a95d0256b29219fc642d0ae38396517", size = 21037670, upload-time = "2025-06-07T12:00:47.634Z" },
    { url = "https://files.pythonhosted.org/packages/6c/68/484979a83470f2f0919fc467f967b3631ac1a6668a772ca7275017dbed1d/frida-17.1.3-cp37-abi3-manylinux2014_armv7l.whl", hash = "sha256:8506a5cca23ec4403a98b29c224c6f2dabf786130e51c3caed35a20477f6a32d", size = 19088063, upload-time = "2025-06-07T12:00:49.956Z" },
    { url = "https://files.pythonhosted.org/packages/b0/af/689aed77de0fe649aa8432e451898db0a2610de0b64f02ab45428a6964ad/frida-17.1.3-cp37-abi3-manylinux_2_17_aarch64.whl", hash = "sha256:7638330fa018a83a8d26710c166d585341bd4790331d847c429554c33748ecab", size = 21037672, upload-time = "2025-06-07T12:00:53.301Z" },
    { url = "https://files.pythonhosted.org/packages/e2/71/e6509808f2039a9f0ea3915dd389407268e33abc3a09075ab0739fc3a3ab/frida-17.1.3-cp37-abi3-manylinux_2_17_armv7l.whl", hash = "sha256:91996c9ba6b0d46cbdc3a4b235988f50d37639daa7e3e8d13987398351c3492b", size = 19088064, upload-time = "2025-06-07T12:00:55.98Z" },
    { url = "https://files.pythonhosted.org/packages/c4/b5/48ae9a516613cfb938707231b7fded5df456a8332c2d4d76aad23ff19072/frida-17.1.3-cp37-abi3-manylinux_2_5_i686.whl", hash = "sha256:28cc570e6e6786b4c1f150c5172ce0700aa2ed89bdebd80f30bbbd88dfe2ed45", size = 20150710, upload-time = "2025-06-07T12:00:58.838Z" },
    { url = "https://files.pythonhosted.org/packages/fc/fb/637034662e9a1c0b450e1991ba65ede6ca7a915e50dd69795fbb6eb0dde3/frida-17.1.3-cp37-abi3-manylinux_2_5_x86_64.whl", hash = "sha256:e4710b93dacfeff59008a7ff63a74e15e36443bbff48854b975faff62c566a16", size = 32119151, upload-time = "2025-06-07T12:01:01.385Z" },
    { url = "https://files.pythonhosted.org/packages/fb/b2/28a25a9e7e82fb5ef791e0f8523ff6ecf83a5d9a6787479fddab2a5f5985/frida-17.1.3-cp37-abi3-win32.whl", hash = "sha256:71e10664eb9bf22c1d64a48413cecb017ccde61a37baf52c673327a7e93db5b2", size = 26410704, upload-time = "2025-06-07T12:01:04.607Z" },
    { url = "https://files.pythonhosted.org/packages/95/cb/5d1f22217e43ec5bcf1182a4bdef967fdba7d89c6f6452da9038ea1b2652/frida-17.1.3-cp37-abi3-win_amd64.whl", hash = "sha256:631454e2a6baa7341fd207d22048b6b8cb3e3b4be56b737b8fabcbc49fd61367", size = 41424028, upload-time = "2025-06-07T12:01:07.673Z" },
    { url = "https://files.pythonhosted.org/packages/25/45/0d750b402618f169a6b9433b308965f0eb97ef40e9849429f8a8cd978bff/frida-17.1.3-cp37-abi3-win_arm64.whl", hash = "sha256:f25369e812aa9aa408ccd4108c1550825f23a3d64539e06b0f624399c5696efd", size = 51352030, upload-time = "2025-06-07T12:01:11.358Z" },
]

[[package]]
name = "frida-tools"
version = "14.1.1"
source = { registry = "https://pypi.org/simple" }
dependencies = [
    { name = "colorama" },
    { name = "frida" },
    { name = "prompt-toolkit" },
    { name = "pygments" },
    { name = "websockets" },
]
sdist = { url = "https://files.pythonhosted.org/packages/0f/43/793a96fac9b44747070170f85557b1dfecded34a26b3045b1c8559f96473/frida_tools-14.1.1.tar.gz", hash = "sha256:433f718d665d83f32aef58b3dea6e21d1a1021df0fab234281241ff5ef306033", size = 4676495, upload-time = "2025-06-05T21:31:02.297Z" }

[[package]]
name = "prompt-toolkit"
version = "3.0.51"
source = { registry = "https://pypi.org/simple" }
dependencies = [
    { name = "wcwidth" },
]
sdist = { url = "https://files.pythonhosted.org/packages/bb/6e/9d084c929dfe9e3bfe0c6a47e31f78a25c54627d64a66e884a8bf5474f1c/prompt_toolkit-3.0.51.tar.gz", hash = "sha256:931a162e3b27fc90c86f1b48bb1fb2c528c2761475e57c9c06de13311c7b54ed", size = 428940, upload-time = "2025-04-15T09:18:47.731Z" }
wheels = [
    { url = "https://files.pythonhosted.org/packages/ce/4f/5249960887b1fbe561d9ff265496d170b55a735b76724f10ef19f9e40716/prompt_toolkit-3.0.51-py3-none-any.whl", hash = "sha256:52742911fde84e2d423e2f9a4cf1de7d7ac4e51958f648d9540e0fb8db077b07", size = 387810, upload-time = "2025-04-15T09:18:44.753Z" },
]

[[package]]
name = "pygments"
version = "2.19.1"
source = { registry = "https://pypi.org/simple" }
sdist = { url = "https://files.pythonhosted.org/packages/7c/2d/c3338d48ea6cc0feb8446d8e6937e1408088a72a39937982cc6111d17f84/pygments-2.19.1.tar.gz", hash = "sha256:61c16d2a8576dc0649d9f39e089b5f02bcd27fba10d8fb4dcc28173f7a45151f", size = 4968581, upload-time = "2025-01-06T17:26:30.443Z" }
wheels = [
    { url = "https://files.pythonhosted.org/packages/8a/0b/9fcc47d19c48b59121088dd6da2488a49d5f72dacf8262e2790a1d2c7d15/pygments-2.19.1-py3-none-any.whl", hash = "sha256:9ea1544ad55cecf4b8242fab6dd35a93bbce657034b0611ee383099054ab6d8c", size = 1225293, upload-time = "2025-01-06T17:26:25.553Z" },
]

[[package]]
name = "wcwidth"
version = "0.2.13"
source = { registry = "https://pypi.org/simple" }
sdist = { url = "https://files.pythonhosted.org/packages/6c/63/53559446a878410fc5a5974feb13d31d78d752eb18aeba59c7fef1af7598/wcwidth-0.2.13.tar.gz", hash = "sha256:72ea0c06399eb286d978fdedb6923a9eb47e1c486ce63e9b4e64fc18303972b5", size = 101301, upload-time = "2024-01-06T02:10:57.829Z" }
wheels = [
    { url = "https://files.pythonhosted.org/packages/fd/84/fd2ba7aafacbad3c4201d395674fc6348826569da3c0937e75505ead3528/wcwidth-0.2.13-py2.py3-none-any.whl", hash = "sha256:3da69048e4540d84af32131829ff948f1e022c1c6bdb8d6102117aac784f6859", size = 34166, upload-time = "2024-01-06T02:10:55.763Z" },
]

[[package]]
name = "websockets"
version = "13.1"
source = { registry = "https://pypi.org/simple" }
sdist = { url = "https://files.pythonhosted.org/packages/e2/73/9223dbc7be3dcaf2a7bbf756c351ec8da04b1fa573edaf545b95f6b0c7fd/websockets-13.1.tar.gz", hash = "sha256:a3b3366087c1bc0a2795111edcadddb8b3b59509d5db5d7ea3fdd69f954a8878", size = 158549, upload-time = "2024-09-21T17:34:21.54Z" }
wheels = [
    { url = "https://files.pythonhosted.org/packages/51/20/2b99ca918e1cbd33c53db2cace5f0c0cd8296fc77558e1908799c712e1cd/websockets-13.1-cp313-cp313-macosx_10_13_universal2.whl", hash = "sha256:a9ab1e71d3d2e54a0aa646ab6d4eebfaa5f416fe78dfe4da2839525dc5d765c6", size = 157828, upload-time = "2024-09-21T17:33:10.987Z" },
    { url = "https://files.pythonhosted.org/packages/b8/47/0932a71d3d9c0e9483174f60713c84cee58d62839a143f21a2bcdbd2d205/websockets-13.1-cp313-cp313-macosx_10_13_x86_64.whl", hash = "sha256:b9d7439d7fab4dce00570bb906875734df13d9faa4b48e261c440a5fec6d9708", size = 155487, upload-time = "2024-09-21T17:33:12.153Z" },
    { url = "https://files.pythonhosted.org/packages/a9/60/f1711eb59ac7a6c5e98e5637fef5302f45b6f76a2c9d64fd83bbb341377a/websockets-13.1-cp313-cp313-macosx_11_0_arm64.whl", hash = "sha256:327b74e915cf13c5931334c61e1a41040e365d380f812513a255aa804b183418", size = 155721, upload-time = "2024-09-21T17:33:13.909Z" },
    { url = "https://files.pythonhosted.org/packages/6a/e6/ba9a8db7f9d9b0e5f829cf626ff32677f39824968317223605a6b419d445/websockets-13.1-cp313-cp313-manylinux_2_17_aarch64.manylinux2014_aarch64.whl", hash = "sha256:325b1ccdbf5e5725fdcb1b0e9ad4d2545056479d0eee392c291c1bf76206435a", size = 165609, upload-time = "2024-09-21T17:33:14.967Z" },
    { url = "https://files.pythonhosted.org/packages/c1/22/4ec80f1b9c27a0aebd84ccd857252eda8418ab9681eb571b37ca4c5e1305/websockets-13.1-cp313-cp313-manylinux_2_5_i686.manylinux1_i686.manylinux_2_17_i686.manylinux2014_i686.whl", hash = "sha256:346bee67a65f189e0e33f520f253d5147ab76ae42493804319b5716e46dddf0f", size = 164556, upload-time = "2024-09-21T17:33:17.113Z" },
    { url = "https://files.pythonhosted.org/packages/27/ac/35f423cb6bb15600438db80755609d27eda36d4c0b3c9d745ea12766c45e/websockets-13.1-cp313-cp313-manylinux_2_5_x86_64.manylinux1_x86_64.manylinux_2_17_x86_64.manylinux2014_x86_64.whl", hash = "sha256:91a0fa841646320ec0d3accdff5b757b06e2e5c86ba32af2e0815c96c7a603c5", size = 164993, upload-time = "2024-09-21T17:33:18.168Z" },
    { url = "https://files.pythonhosted.org/packages/31/4e/98db4fd267f8be9e52e86b6ee4e9aa7c42b83452ea0ea0672f176224b977/websockets-13.1-cp313-cp313-musllinux_1_2_aarch64.whl", hash = "sha256:18503d2c5f3943e93819238bf20df71982d193f73dcecd26c94514f417f6b135", size = 165360, upload-time = "2024-09-21T17:33:19.233Z" },
    { url = "https://files.pythonhosted.org/packages/3f/15/3f0de7cda70ffc94b7e7024544072bc5b26e2c1eb36545291abb755d8cdb/websockets-13.1-cp313-cp313-musllinux_1_2_i686.whl", hash = "sha256:a9cd1af7e18e5221d2878378fbc287a14cd527fdd5939ed56a18df8a31136bb2", size = 164745, upload-time = "2024-09-21T17:33:20.361Z" },
    { url = "https://files.pythonhosted.org/packages/a1/6e/66b6b756aebbd680b934c8bdbb6dcb9ce45aad72cde5f8a7208dbb00dd36/websockets-13.1-cp313-cp313-musllinux_1_2_x86_64.whl", hash = "sha256:70c5be9f416aa72aab7a2a76c90ae0a4fe2755c1816c153c1a2bcc3333ce4ce6", size = 164732, upload-time = "2024-09-21T17:33:23.103Z" },
    { url = "https://files.pythonhosted.org/packages/35/c6/12e3aab52c11aeb289e3dbbc05929e7a9d90d7a9173958477d3ef4f8ce2d/websockets-13.1-cp313-cp313-win32.whl", hash = "sha256:624459daabeb310d3815b276c1adef475b3e6804abaf2d9d2c061c319f7f187d", size = 158709, upload-time = "2024-09-21T17:33:24.196Z" },
    { url = "https://files.pythonhosted.org/packages/41/d8/63d6194aae711d7263df4498200c690a9c39fb437ede10f3e157a6343e0d/websockets-13.1-cp313-cp313-win_amd64.whl", hash = "sha256:c518e84bb59c2baae725accd355c8dc517b4a3ed8db88b4bc93c78dae2974bf2", size = 159144, upload-time = "2024-09-21T17:33:25.96Z" },
    { url = "https://files.pythonhosted.org/packages/56/27/96a5cd2626d11c8280656c6c71d8ab50fe006490ef9971ccd154e0c42cd2/websockets-13.1-py3-none-any.whl", hash = "sha256:a9a396a6ad26130cdae92ae10c36af09d9bfe6cafe69670fd3b6da9b07b4044f", size = 152134, upload-time = "2024-09-21T17:34:19.904Z" },
]
